
Microsoft Visual Studio Solution File, Format Version 12.00
# Visual Studio Version 17
VisualStudioVersion = 17.14.37111.16 d17.14
MinimumVisualStudioVersion = 10.0.40219.1
Project("{FAE04EC0-301F-11D3-BF4B-00C04F79EFBC}") = "TitanikMovie", "TitanikMovie\TitanikMovie.csproj", "{12A940A4-7301-4A8F-88C8-8976DEE3468A}"
EndProject
Global
	GlobalSection(SolutionConfigurationPlatforms) = preSolution
		Debug|Any CPU = Debug|Any CPU
		Release|Any CPU = Release|Any CPU
	EndGlobalSection
	GlobalSection(ProjectConfigurationPlatforms) = postSolution
		{12A940A4-7301-4A8F-88C8-8976DEE3468A}.Debug|Any CPU.ActiveCfg = Debug|Any CPU
		{12A940A4-7301-4A8F-88C8-8976DEE3468A}.Debug|Any CPU.Build.0 = Debug|Any CPU
		{12A940A4-7301-4A8F-88C8-8976DEE3468A}.Release|Any CPU.ActiveCfg = Release|Any CPU
		{12A940A4-7301-4A8F-88C8-8976DEE3468A}.Release|Any CPU.Build.0 = Release|Any CPU
	EndGlobalSection
	GlobalSection(SolutionProperties) = preSolution
		HideSolutionNode = FALSE
	EndGlobalSection
	GlobalSection(ExtensibilityGlobals) = postSolution
		SolutionGuid = {A7D68005-5A07-419D-9347-FF90E913A5DF}
	EndGlobalSection
EndGlobal
